
Microsoft Visual Studio Solution File, Format Version 12.00
# Visual Studio 14
VisualStudioVersion = 14.0.25123.0
MinimumVisualStudioVersion = 10.0.40219.1
Project("{2150E333-8FDC-42A3-9474-1A3956D46DE8}") = "Build", "Build", "{A71BBB9B-318A-4579-BAB8-DAC959B02A34}"
	ProjectSection(SolutionItems) = preProject
		..\build.fsx = ..\build.fsx
	EndProjectSection
EndProject
Project("{FAE04EC0-301F-11D3-BF4B-00C04F79EFBC}") = "Akka.DI.Ninject", "Akka.DI.Ninject\Akka.DI.Ninject.csproj", "{C22A9758-AD7D-4078-BD67-4829BACDFEB6}"
EndProject
Project("{FAE04EC0-301F-11D3-BF4B-00C04F79EFBC}") = "Akka.DI.Ninject.Tests", "Akka.DI.Ninject.Tests\Akka.DI.Ninject.Tests.csproj", "{76895BD2-EFF0-4CF2-8C31-753222B1122F}"
EndProject
Global
	GlobalSection(SolutionConfigurationPlatforms) = preSolution
		Debug|Any CPU = Debug|Any CPU
		Release|Any CPU = Release|Any CPU
	EndGlobalSection
	GlobalSection(ProjectConfigurationPlatforms) = postSolution
		{C22A9758-AD7D-4078-BD67-4829BACDFEB6}.Debug|Any CPU.ActiveCfg = Debug|Any CPU
		{C22A9758-AD7D-4078-BD67-4829BACDFEB6}.Debug|Any CPU.Build.0 = Debug|Any CPU
		{C22A9758-AD7D-4078-BD67-4829BACDFEB6}.Release|Any CPU.ActiveCfg = Release|Any CPU
		{C22A9758-AD7D-4078-BD67-4829BACDFEB6}.Release|Any CPU.Build.0 = Release|Any CPU
		{76895BD2-EFF0-4CF2-8C31-753222B1122F}.Debug|Any CPU.ActiveCfg = Debug|Any CPU
		{76895BD2-EFF0-4CF2-8C31-753222B1122F}.Debug|Any CPU.Build.0 = Debug|Any CPU
		{76895BD2-EFF0-4CF2-8C31-753222B1122F}.Release|Any CPU.ActiveCfg = Release|Any CPU
		{76895BD2-EFF0-4CF2-8C31-753222B1122F}.Release|Any CPU.Build.0 = Release|Any CPU
	EndGlobalSection
	GlobalSection(SolutionProperties) = preSolution
		HideSolutionNode = FALSE
	EndGlobalSection
EndGlobal
